
Microsoft Visual Studio Solution File, Format Version 12.00
# Visual Studio Version 17
VisualStudioVersion = 17.12.35707.178 d17.12
MinimumVisualStudioVersion = 10.0.40219.1
Project("{F184B08F-C81C-45F6-A57F-5ABD9991F28F}") = "WinFormsApp1", "WinFormsApp1\WinFormsApp1.vbproj", "{F2E521E2-3C5E-4218-9747-C3847E973584}"
EndProject
Global
	GlobalSection(SolutionConfigurationPlatforms) = preSolution
		Debug|Any CPU = Debug|Any CPU
		Release|Any CPU = Release|Any CPU
	EndGlobalSection
	GlobalSection(ProjectConfigurationPlatforms) = postSolution
		{F2E521E2-3C5E-4218-9747-C3847E973584}.Debug|Any CPU.ActiveCfg = Debug|Any CPU
		{F2E521E2-3C5E-4218-9747-C3847E973584}.Debug|Any CPU.Build.0 = Debug|Any CPU
		{F2E521E2-3C5E-4218-9747-C3847E973584}.Release|Any CPU.ActiveCfg = Release|Any CPU
		{F2E521E2-3C5E-4218-9747-C3847E973584}.Release|Any CPU.Build.0 = Release|Any CPU
	EndGlobalSection
	GlobalSection(SolutionProperties) = preSolution
		HideSolutionNode = FALSE
	EndGlobalSection
EndGlobal
